// !$*UTF8*$!
{
	archiveVersion = 1;
	classes = {
	};
	objectVersion = 50;
	objects = {

/* Begin PBXBuildFile section */
		BE1A32AF2085AA21007F5DEB /* AppDelegate.swift in Sources */ = {isa = PBXBuildFile; fileRef = BE1A32AE2085AA21007F5DEB /* AppDelegate.swift */; };
		BE1A32B12085AA21007F5DEB /* ViewController.swift in Sources */ = {isa = PBXBuildFile; fileRef = BE1A32B02085AA21007F5DEB /* ViewController.swift */; };
		BE1A32B42085AA21007F5DEB /* Main.storyboard in Resources */ = {isa = PBXBuildFile; fileRef = BE1A32B22085AA21007F5DEB /* Main.storyboard */; };
		BE1A32B62085AA24007F5DEB /* Assets.xcassets in Resources */ = {isa = PBXBuildFile; fileRef = BE1A32B52085AA24007F5DEB /* Assets.xcassets */; };
		BE1A32B92085AA24007F5DEB /* LaunchScreen.storyboard in Resources */ = {isa = PBXBuildFile; fileRef = BE1A32B72085AA24007F5DEB /* LaunchScreen.storyboard */; };
		BE1A32C12085AA4C007F5DEB /* KKTableViewAdapter.swift in Sources */ = {isa = PBXBuildFile; fileRef = BE1A32C02085AA4C007F5DEB /* KKTableViewAdapter.swift */; };
/* End PBXBuildFile section */

/* Begin PBXFileReference section */
		BE1A32AB2085AA21007F5DEB /* TableViewAdapter.app */ = {isa = PBXFileReference; explicitFileType = wrapper.application; includeInIndex = 0; path = TableViewAdapter.app; sourceTree = BUILT_PRODUCTS_DIR; };
		BE1A32AE2085AA21007F5DEB /* AppDelegate.swift */ = {isa = PBXFileReference; lastKnownFileType = sourcecode.swift; path = AppDelegate.swift; sourceTree = "<group>"; };
		BE1A32B02085AA21007F5DEB /* ViewController.swift */ = {isa = PBXFileReference; lastKnownFileType = sourcecode.swift; path = ViewController.swift; sourceTree = "<group>"; };
		BE1A32B32085AA21007F5DEB /* Base */ = {isa = PBXFileReference; lastKnownFileType = file.storyboard; name = Base; path = Base.lproj/Main.storyboard; sourceTree = "<group>"; };
		BE1A32B52085AA24007F5DEB /* Assets.xcassets */ = {isa = PBXFileReference; lastKnownFileType = folder.assetcatalog; path = Assets.xcassets; sourceTree = "<group>"; };
		BE1A32B82085AA24007F5DEB /* Base */ = {isa = PBXFileReference; lastKnownFileType = file.storyboard; name = Base; path = Base.lproj/LaunchScreen.storyboard; sourceTree = "<group>"; };
		BE1A32BA2085AA24007F5DEB /* Info.plist */ = {isa = PBXFileReference; lastKnownFileType = text.plist.xml; path = Info.plist; sourceTree = "<group>"; };
		BE1A32C02085AA4C007F5DEB /* KKTableViewAdapter.swift */ = {isa = PBXFileReference; fileEncoding = 4; lastKnownFileType = sourcecode.swift; path = KKTableViewAdapter.swift; sourceTree = "<group>"; };
/* End PBXFileReference section */

/* Begin PBXFrameworksBuildPhase section */
		BE1A32A82085AA21007F5DEB /* Frameworks */ = {
			isa = PBXFrameworksBuildPhase;
			buildActionMask = 2147483647;
			files = (
			);
			runOnlyForDeploymentPostprocessing = 0;
		};
/* End PBXFrameworksBuildPhase section */

/* Begin PBXGroup section */
		BE1A32A22085AA21007F5DEB = {
			isa = PBXGroup;
			children = (
				BE1A32AD2085AA21007F5DEB /* TableViewAdapter */,
				BE1A32AC2085AA21007F5DEB /* Products */,
			);
			sourceTree = "<group>";
		};
		BE1A32AC2085AA21007F5DEB /* Products */ = {
			isa = PBXGroup;
			children = (
				BE1A32AB2085AA21007F5DEB /* TableViewAdapter.app */,
			);
			name = Products;
			sourceTree = "<group>";
		};
		BE1A32AD2085AA21007F5DEB /* TableViewAdapter */ = {
			isa = PBXGroup;
			children = (
				BE1A32C02085AA4C007F5DEB /* KKTableViewAdapter.swift */,
				BE1A32AE2085AA21007F5DEB /* AppDelegate.swift */,
				BE1A32B02085AA21007F5DEB /* ViewController.swift */,
				BE1A32B22085AA21007F5DEB /* Main.storyboard */,
				BE1A32B52085AA24007F5DEB /* Assets.xcassets */,
				BE1A32B72085AA24007F5DEB /* LaunchScreen.storyboard */,
				BE1A32BA2085AA24007F5DEB /* Info.plist */,
			);
			path = TableViewAdapter;
			sourceTree = "<group>";
		};
/* End PBXGroup section */

/* Begin PBXNativeTarget section */
		BE1A32AA2085AA21007F5DEB /* TableViewAdapter */ = {
			isa = PBXNativeTarget;
			buildConfigurationList = BE1A32BD2085AA24007F5DEB /* Build configuration list for PBXNativeTarget "TableViewAdapter" */;
			buildPhases = (
				BE1A32A72085AA21007F5DEB /* Sources */,
				BE1A32A82085AA21007F5DEB /* Frameworks */,
				BE1A32A92085AA21007F5DEB /* Resources */,
			);
			buildRules = (
			);
			dependencies = (
			);
			name = TableViewAdapter;
			productName = TableViewAdapter;
			productReference = BE1A32AB2085AA21007F5DEB /* TableViewAdapter.app */;
			productType = "com.apple.product-type.application";
		};
/* End PBXNativeTarget section */

/* Begin PBXProject section */
		BE1A32A32085AA21007F5DEB /* Project object */ = {
			isa = PBXProject;
			attributes = {
				LastSwiftUpdateCheck = 0930;
				LastUpgradeCheck = 0930;
				ORGANIZATIONNAME = yangyi;
				TargetAttributes = {
					BE1A32AA2085AA21007F5DEB = {
						CreatedOnToolsVersion = 9.3;
					};
				};
			};
			buildConfigurationList = BE1A32A62085AA21007F5DEB /* Build configuration list for PBXProject "TableViewAdapter" */;
			compatibilityVersion = "Xcode 9.3";
			developmentRegion = en;
			hasScannedForEncodings = 0;
			knownRegions = (
				en,
				Base,
			);
			mainGroup = BE1A32A22085AA21007F5DEB;
			productRefGroup = BE1A32AC2085AA21007F5DEB /* Products */;
			projectDirPath = "";
			projectRoot = "";
			targets = (
				BE1A32AA2085AA21007F5DEB /* TableViewAdapter */,
			);
		};
/* End PBXProject section */

/* Begin PBXResourcesBuildPhase section */
		BE1A32A92085AA21007F5DEB /* Resources */ = {
			isa = PBXResourcesBuildPhase;
			buildActionMask = 2147483647;
			files = (
				BE1A32B92085AA24007F5DEB /* LaunchScreen.storyboard in Resources */,
				BE1A32B62085AA24007F5DEB /* Assets.xcassets in Resources */,
				BE1A32B42085AA21007F5DEB /* Main.storyboard in Resources */,
			);
			runOnlyForDeploymentPostprocessing = 0;
		};
/* End PBXResourcesBuildPhase section */

/* Begin PBXSourcesBuildPhase section */
		BE1A32A72085AA21007F5DEB /* Sources */ = {
			isa = PBXSourcesBuildPhase;
			buildActionMask = 2147483647;
			files = (
				BE1A32C12085AA4C007F5DEB /* KKTableViewAdapter.swift in Sources */,
				BE1A32B12085AA21007F5DEB /* ViewController.swift in Sources */,
				BE1A32AF2085AA21007F5DEB /* AppDelegate.swift in Sources */,
			);
			runOnlyForDeploymentPostprocessing = 0;
		};
/* End PBXSourcesBuildPhase section */

/* Begin PBXVariantGroup section */
		BE1A32B22085AA21007F5DEB /* Main.storyboard */ = {
			isa = PBXVariantGroup;
			children = (
				BE1A32B32085AA21007F5DEB /* Base */,
			);
			name = Main.storyboard;
			sourceTree = "<group>";
		};
		BE1A32B72085AA24007F5DEB /* LaunchScreen.storyboard */ = {
			isa = PBXVariantGroup;
			children = (
				BE1A32B82085AA24007F5DEB /* Base */,
			);
			name = LaunchScreen.storyboard;
			sourceTree = "<group>";
		};
/* End PBXVariantGroup section */

/* Begin XCBuildConfiguration section */
		BE1A32BB2085AA24007F5DEB /* Debug */ = {
			isa = XCBuildConfiguration;
			buildSettings = {
				ALWAYS_SEARCH_USER_PATHS = NO;
				CLANG_ANALYZER_NONNULL = YES;
				CLANG_ANALYZER_NUMBER_OBJECT_CONVERSION = YES_AGGRESSIVE;
				CLANG_CXX_LANGUAGE_STANDARD = "gnu++14";
				CLANG_CXX_LIBRARY = "libc++";
				CLANG_ENABLE_MODULES = YES;
				CLANG_ENABLE_OBJC_ARC = YES;
				CLANG_ENABLE_OBJC_WEAK = YES;
				CLANG_WARN_BLOCK_CAPTURE_AUTORELEASING = YES;
				CLANG_WARN_BOOL_CONVERSION = YES;
				CLANG_WARN_COMMA = YES;
				CLANG_WARN_CONSTANT_CONVERSION = YES;
				CLANG_WARN_DEPRECATED_OBJC_IMPLEMENTATIONS = YES;
				CLANG_WARN_DIRECT_OBJC_ISA_USAGE = YES_ERROR;
				CLANG_WARN_DOCUMENTATION_COMMENTS = YES;
				CLANG_WARN_EMPTY_BODY = YES;
				CLANG_WARN_ENUM_CONVERSION = YES;
				CLANG_WARN_INFINITE_RECURSION = YES;
				CLANG_WARN_INT_CONVERSION = YES;
				CLANG_WARN_NON_LITERAL_NULL_CONVERSION = YES;
				CLANG_WARN_OBJC_IMPLICIT_RETAIN_SELF = YES;
				CLANG_WARN_OBJC_LITERAL_CONVERSION = YES;
				CLANG_WARN_OBJC_ROOT_CLASS = YES_ERROR;
				CLANG_WARN_RANGE_LOOP_ANALYSIS = YES;
				CLANG_WARN_STRICT_PROTOTYPES = YES;
				CLANG_WARN_SUSPICIOUS_MOVE = YES;
				CLANG_WARN_UNGUARDED_AVAILABILITY = YES_AGGRESSIVE;
				CLANG_WARN_UNREACHABLE_CODE = YES;
				CLANG_WARN__DUPLICATE_METHOD_MATCH = YES;
				CODE_SIGN_IDENTITY = "iPhone Developer";
				COPY_PHASE_STRIP = NO;
				DEBUG_INFORMATION_FORMAT = dwarf;
				ENABLE_STRICT_OBJC_MSGSEND = YES;
				ENABLE_TESTABILITY = YES;
				GCC_C_LANGUAGE_STANDARD = gnu11;
				GCC_DYNAMIC_NO_PIC = NO;
				GCC_NO_COMMON_BLOCKS = YES;
				GCC_OPTIMIZATION_LEVEL = 0;
				GCC_PREPROCESSOR_DEFINITIONS = (
					"DEBUG=1",
					"$(inherited)",
				);
				GCC_WARN_64_TO_32_BIT_CONVERSION = YES;
				GCC_WARN_ABOUT_RETURN_TYPE = YES_ERROR;
				GCC_WARN_UNDECLARED_SELECTOR = YES;
				GCC_WARN_UNINITIALIZED_AUTOS = YES_AGGRESSIVE;
				GCC_WARN_UNUSED_FUNCTION = YES;
				GCC_WARN_UNUSED_VARIABLE = YES;
				IPHONEOS_DEPLOYMENT_TARGET = 11.3;
				MTL_ENABLE_DEBUG_INFO = YES;
				ONLY_ACTIVE_ARCH = YES;
				SDKROOT = iphoneos;
				SWIFT_ACTIVE_COMPILATION_CONDITIONS = DEBUG;
				SWIFT_OPTIMIZATION_LEVEL = "-Onone";
			};
			name = Debug;
		};
		BE1A32BC2085AA24007F5DEB /* Release */ = {
			isa = XCBuildConfiguration;
			buildSettings = {
				ALWAYS_SEARCH_USER_PATHS = NO;
				CLANG_ANALYZER_NONNULL = YES;
				CLANG_ANALYZER_NUMBER_OBJECT_CONVERSION = YES_AGGRESSIVE;
				CLANG_CXX_LANGUAGE_STANDARD = "gnu++14";
				CLANG_CXX_LIBRARY = "libc++";
				CLANG_ENABLE_MODULES = YES;
				CLANG_ENABLE_OBJC_ARC = YES;
				CLANG_ENABLE_OBJC_WEAK = YES;
				CLANG_WARN_BLOCK_CAPTURE_AUTORELEASING = YES;
				CLANG_WARN_BOOL_CONVERSION = YES;
				CLANG_WARN_COMMA = YES;
				CLANG_WARN_CONSTANT_CONVERSION = YES;
				CLANG_WARN_DEPRECATED_OBJC_IMPLEMENTATIONS = YES;
				CLANG_WARN_DIRECT_OBJC_ISA_USAGE = YES_ERROR;
				CLANG_WARN_DOCUMENTATION_COMMENTS = YES;
				CLANG_WARN_EMPTY_BODY = YES;
				CLANG_WARN_ENUM_CONVERSION = YES;
				CLANG_WARN_INFINITE_RECURSION = YES;
				CLANG_WARN_INT_CONVERSION = YES;
				CLANG_WARN_NON_LITERAL_NULL_CONVERSION = YES;
				CLANG_WARN_OBJC_IMPLICIT_RETAIN_SELF = YES;
				CLANG_WARN_OBJC_LITERAL_CONVERSION = YES;
				CLANG_WARN_OBJC_ROOT_CLASS = YES_ERROR;
				CLANG_WARN_RANGE_LOOP_ANALYSIS = YES;
				CLANG_WARN_STRICT_PROTOTYPES = YES;
				CLANG_WARN_SUSPICIOUS_MOVE = YES;
				CLANG_WARN_UNGUARDED_AVAILABILITY = YES_AGGRESSIVE;
				CLANG_WARN_UNREACHABLE_CODE = YES;
				CLANG_WARN__DUPLICATE_METHOD_MATCH = YES;
				CODE_SIGN_IDENTITY = "iPhone Developer";
				COPY_PHASE_STRIP = NO;
				DEBUG_INFORMATION_FORMAT = "dwarf-with-dsym";
				ENABLE_NS_ASSERTIONS = NO;
				ENABLE_STRICT_OBJC_MSGSEND = YES;
				GCC_C_LANGUAGE_STANDARD = gnu11;
				GCC_NO_COMMON_BLOCKS = YES;
				GCC_WARN_64_TO_32_BIT_CONVERSION = YES;
				GCC_WARN_ABOUT_RETURN_TYPE = YES_ERROR;
				GCC_WARN_UNDECLARED_SELECTOR = YES;
				GCC_WARN_UNINITIALIZED_AUTOS = YES_AGGRESSIVE;
				GCC_WARN_UNUSED_FUNCTION = YES;
				GCC_WARN_UNUSED_VARIABLE = YES;
				IPHONEOS_DEPLOYMENT_TARGET = 11.3;
				MTL_ENABLE_DEBUG_INFO = NO;
				SDKROOT = iphoneos;
				SWIFT_COMPILATION_MODE = wholemodule;
				SWIFT_OPTIMIZATION_LEVEL = "-O";
				VALIDATE_PRODUCT = YES;
			};
			name = Release;
		};
		BE1A32BE2085AA24007F5DEB /* Debug */ = {
			isa = XCBuildConfiguration;
			buildSettings = {
				ASSETCATALOG_COMPILER_APPICON_NAME = AppIcon;
				CODE_SIGN_STYLE = Automatic;
				INFOPLIST_FILE = TableViewAdapter/Info.plist;
				LD_RUNPATH_SEARCH_PATHS = (
					"$(inherited)",
					"@executable_path/Frameworks",
				);
				PRODUCT_BUNDLE_IDENTIFIER = com.melot.TableViewAdapter;
				PRODUCT_NAME = "$(TARGET_NAME)";
				SWIFT_VERSION = 4.0;
				TARGETED_DEVICE_FAMILY = "1,2";
			};
			name = Debug;
		};
		BE1A32BF2085AA24007F5DEB /* Release */ = {
			isa = XCBuildConfiguration;
			buildSettings = {
				ASSETCATALOG_COMPILER_APPICON_NAME = AppIcon;
				CODE_SIGN_STYLE = Automatic;
				INFOPLIST_FILE = TableViewAdapter/Info.plist;
				LD_RUNPATH_SEARCH_PATHS = (
					"$(inherited)",
					"@executable_path/Frameworks",
				);
				PRODUCT_BUNDLE_IDENTIFIER = com.melot.TableViewAdapter;
				PRODUCT_NAME = "$(TARGET_NAME)";
				SWIFT_VERSION = 4.0;
				TARGETED_DEVICE_FAMILY = "1,2";
			};
			name = Release;
		};
/* End XCBuildConfiguration section */

/* Begin XCConfigurationList section */
		BE1A32A62085AA21007F5DEB /* Build configuration list for PBXProject "TableViewAdapter" */ = {
			isa = XCConfigurationList;
			buildConfigurations = (
				BE1A32BB2085AA24007F5DEB /* Debug */,
				BE1A32BC2085AA24007F5DEB /* Release */,
			);
			defaultConfigurationIsVisible = 0;
			defaultConfigurationName = Release;
		};
		BE1A32BD2085AA24007F5DEB /* Build configuration list for PBXNativeTarget "TableViewAdapter" */ = {
			isa = XCConfigurationList;
			buildConfigurations = (
				BE1A32BE2085AA24007F5DEB /* Debug */,
				BE1A32BF2085AA24007F5DEB /* Release */,
			);
			defaultConfigurationIsVisible = 0;
			defaultConfigurationName = Release;
		};
/* End XCConfigurationList section */
	};
	rootObject = BE1A32A32085AA21007F5DEB /* Project object */;
}
